// !$*UTF8*$!
{
	archiveVersion = 1;
	classes = {
	};
	objectVersion = 56;
	objects = {

/* Begin PBXBuildFile section */
		CB4784782CB11469009D5D85 /* SwiftUI_LazyImageLoadApp.swift in Sources */ = {isa = PBXBuildFile; fileRef = CB4784772CB11469009D5D85 /* SwiftUI_LazyImageLoadApp.swift */; };
		CB47847A2CB11469009D5D85 /* ContentView.swift in Sources */ = {isa = PBXBuildFile; fileRef = CB4784792CB11469009D5D85 /* ContentView.swift */; };
		CB47847C2CB1146B009D5D85 /* Assets.xcassets in Resources */ = {isa = PBXBuildFile; fileRef = CB47847B2CB1146B009D5D85 /* Assets.xcassets */; };
		CB47847F2CB1146B009D5D85 /* Preview Assets.xcassets in Resources */ = {isa = PBXBuildFile; fileRef = CB47847E2CB1146B009D5D85 /* Preview Assets.xcassets */; };
		CB4784862CB114E5009D5D85 /* NetworkImageView.swift in Sources */ = {isa = PBXBuildFile; fileRef = CB4784852CB114E5009D5D85 /* NetworkImageView.swift */; };
		CB4784882CB1151A009D5D85 /* ImageDownloader.swift in Sources */ = {isa = PBXBuildFile; fileRef = CB4784872CB1151A009D5D85 /* ImageDownloader.swift */; };
		CB47848A2CB115B8009D5D85 /* NetworkImageViewModel.swift in Sources */ = {isa = PBXBuildFile; fileRef = CB4784892CB115B8009D5D85 /* NetworkImageViewModel.swift */; };
		CB47848C2CB11600009D5D85 /* ImageInfo.swift in Sources */ = {isa = PBXBuildFile; fileRef = CB47848B2CB11600009D5D85 /* ImageInfo.swift */; };
/* End PBXBuildFile section */

/* Begin PBXFileReference section */
		CB4784742CB11469009D5D85 /* SwiftUI_LazyImageLoad.app */ = {isa = PBXFileReference; explicitFileType = wrapper.application; includeInIndex = 0; path = SwiftUI_LazyImageLoad.app; sourceTree = BUILT_PRODUCTS_DIR; };
		CB4784772CB11469009D5D85 /* SwiftUI_LazyImageLoadApp.swift */ = {isa = PBXFileReference; lastKnownFileType = sourcecode.swift; path = SwiftUI_LazyImageLoadApp.swift; sourceTree = "<group>"; };
		CB4784792CB11469009D5D85 /* ContentView.swift */ = {isa = PBXFileReference; lastKnownFileType = sourcecode.swift; path = ContentView.swift; sourceTree = "<group>"; };
		CB47847B2CB1146B009D5D85 /* Assets.xcassets */ = {isa = PBXFileReference; lastKnownFileType = folder.assetcatalog; path = Assets.xcassets; sourceTree = "<group>"; };
		CB47847E2CB1146B009D5D85 /* Preview Assets.xcassets */ = {isa = PBXFileReference; lastKnownFileType = folder.assetcatalog; path = "Preview Assets.xcassets"; sourceTree = "<group>"; };
		CB4784852CB114E5009D5D85 /* NetworkImageView.swift */ = {isa = PBXFileReference; lastKnownFileType = sourcecode.swift; path = NetworkImageView.swift; sourceTree = "<group>"; };
		CB4784872CB1151A009D5D85 /* ImageDownloader.swift */ = {isa = PBXFileReference; lastKnownFileType = sourcecode.swift; path = ImageDownloader.swift; sourceTree = "<group>"; };
		CB4784892CB115B8009D5D85 /* NetworkImageViewModel.swift */ = {isa = PBXFileReference; lastKnownFileType = sourcecode.swift; path = NetworkImageViewModel.swift; sourceTree = "<group>"; };
		CB47848B2CB11600009D5D85 /* ImageInfo.swift */ = {isa = PBXFileReference; lastKnownFileType = sourcecode.swift; path = ImageInfo.swift; sourceTree = "<group>"; };
/* End PBXFileReference section */

/* Begin PBXFrameworksBuildPhase section */
		CB4784712CB11469009D5D85 /* Frameworks */ = {
			isa = PBXFrameworksBuildPhase;
			buildActionMask = 2147483647;
			files = (
			);
			runOnlyForDeploymentPostprocessing = 0;
		};
/* End PBXFrameworksBuildPhase section */

/* Begin PBXGroup section */
		CB47846B2CB11469009D5D85 = {
			isa = PBXGroup;
			children = (
				CB4784762CB11469009D5D85 /* SwiftUI_LazyImageLoad */,
				CB4784752CB11469009D5D85 /* Products */,
			);
			sourceTree = "<group>";
		};
		CB4784752CB11469009D5D85 /* Products */ = {
			isa = PBXGroup;
			children = (
				CB4784742CB11469009D5D85 /* SwiftUI_LazyImageLoad.app */,
			);
			name = Products;
			sourceTree = "<group>";
		};
		CB4784762CB11469009D5D85 /* SwiftUI_LazyImageLoad */ = {
			isa = PBXGroup;
			children = (
				CB4784772CB11469009D5D85 /* SwiftUI_LazyImageLoadApp.swift */,
				CB47848F2CB118C5009D5D85 /* View */,
				CB47848E2CB118BF009D5D85 /* ViewModel */,
				CB47848D2CB118B4009D5D85 /* Model */,
				CB4784902CB11904009D5D85 /* Service */,
				CB4784852CB114E5009D5D85 /* NetworkImageView.swift */,
				CB47847B2CB1146B009D5D85 /* Assets.xcassets */,
				CB47847D2CB1146B009D5D85 /* Preview Content */,
			);
			path = SwiftUI_LazyImageLoad;
			sourceTree = "<group>";
		};
		CB47847D2CB1146B009D5D85 /* Preview Content */ = {
			isa = PBXGroup;
			children = (
				CB47847E2CB1146B009D5D85 /* Preview Assets.xcassets */,
			);
			path = "Preview Content";
			sourceTree = "<group>";
		};
		CB47848D2CB118B4009D5D85 /* Model */ = {
			isa = PBXGroup;
			children = (
				CB47848B2CB11600009D5D85 /* ImageInfo.swift */,
			);
			path = Model;
			sourceTree = "<group>";
		};
		CB47848E2CB118BF009D5D85 /* ViewModel */ = {
			isa = PBXGroup;
			children = (
				CB4784892CB115B8009D5D85 /* NetworkImageViewModel.swift */,
			);
			path = ViewModel;
			sourceTree = "<group>";
		};
		CB47848F2CB118C5009D5D85 /* View */ = {
			isa = PBXGroup;
			children = (
				CB4784792CB11469009D5D85 /* ContentView.swift */,
			);
			path = View;
			sourceTree = "<group>";
		};
		CB4784902CB11904009D5D85 /* Service */ = {
			isa = PBXGroup;
			children = (
				CB4784872CB1151A009D5D85 /* ImageDownloader.swift */,
			);
			path = Service;
			sourceTree = "<group>";
		};
/* End PBXGroup section */

/* Begin PBXNativeTarget section */
		CB4784732CB11469009D5D85 /* SwiftUI_LazyImageLoad */ = {
			isa = PBXNativeTarget;
			buildConfigurationList = CB4784822CB1146B009D5D85 /* Build configuration list for PBXNativeTarget "SwiftUI_LazyImageLoad" */;
			buildPhases = (
				CB4784702CB11469009D5D85 /* Sources */,
				CB4784712CB11469009D5D85 /* Frameworks */,
				CB4784722CB11469009D5D85 /* Resources */,
			);
			buildRules = (
			);
			dependencies = (
			);
			name = SwiftUI_LazyImageLoad;
			productName = SwiftUI_LazyImageLoad;
			productReference = CB4784742CB11469009D5D85 /* SwiftUI_LazyImageLoad.app */;
			productType = "com.apple.product-type.application";
		};
/* End PBXNativeTarget section */

/* Begin PBXProject section */
		CB47846C2CB11469009D5D85 /* Project object */ = {
			isa = PBXProject;
			attributes = {
				BuildIndependentTargetsInParallel = 1;
				LastSwiftUpdateCheck = 1540;
				LastUpgradeCheck = 1540;
				TargetAttributes = {
					CB4784732CB11469009D5D85 = {
						CreatedOnToolsVersion = 15.4;
					};
				};
			};
			buildConfigurationList = CB47846F2CB11469009D5D85 /* Build configuration list for PBXProject "SwiftUI_LazyImageLoad" */;
			compatibilityVersion = "Xcode 14.0";
			developmentRegion = en;
			hasScannedForEncodings = 0;
			knownRegions = (
				en,
				Base,
			);
			mainGroup = CB47846B2CB11469009D5D85;
			productRefGroup = CB4784752CB11469009D5D85 /* Products */;
			projectDirPath = "";
			projectRoot = "";
			targets = (
				CB4784732CB11469009D5D85 /* SwiftUI_LazyImageLoad */,
			);
		};
/* End PBXProject section */

/* Begin PBXResourcesBuildPhase section */
		CB4784722CB11469009D5D85 /* Resources */ = {
			isa = PBXResourcesBuildPhase;
			buildActionMask = 2147483647;
			files = (
				CB47847F2CB1146B009D5D85 /* Preview Assets.xcassets in Resources */,
				CB47847C2CB1146B009D5D85 /* Assets.xcassets in Resources */,
			);
			runOnlyForDeploymentPostprocessing = 0;
		};
/* End PBXResourcesBuildPhase section */

/* Begin PBXSourcesBuildPhase section */
		CB4784702CB11469009D5D85 /* Sources */ = {
			isa = PBXSourcesBuildPhase;
			buildActionMask = 2147483647;
			files = (
				CB47847A2CB11469009D5D85 /* ContentView.swift in Sources */,
				CB4784862CB114E5009D5D85 /* NetworkImageView.swift in Sources */,
				CB4784882CB1151A009D5D85 /* ImageDownloader.swift in Sources */,
				CB47848C2CB11600009D5D85 /* ImageInfo.swift in Sources */,
				CB4784782CB11469009D5D85 /* SwiftUI_LazyImageLoadApp.swift in Sources */,
				CB47848A2CB115B8009D5D85 /* NetworkImageViewModel.swift in Sources */,
			);
			runOnlyForDeploymentPostprocessing = 0;
		};
/* End PBXSourcesBuildPhase section */

/* Begin XCBuildConfiguration section */
		CB4784802CB1146B009D5D85 /* Debug */ = {
			isa = XCBuildConfiguration;
			buildSettings = {
				ALWAYS_SEARCH_USER_PATHS = NO;
				ASSETCATALOG_COMPILER_GENERATE_SWIFT_ASSET_SYMBOL_EXTENSIONS = YES;
				CLANG_ANALYZER_NONNULL = YES;
				CLANG_ANALYZER_NUMBER_OBJECT_CONVERSION = YES_AGGRESSIVE;
				CLANG_CXX_LANGUAGE_STANDARD = "gnu++20";
				CLANG_ENABLE_MODULES = YES;
				CLANG_ENABLE_OBJC_ARC = YES;
				CLANG_ENABLE_OBJC_WEAK = YES;
				CLANG_WARN_BLOCK_CAPTURE_AUTORELEASING = YES;
				CLANG_WARN_BOOL_CONVERSION = YES;
				CLANG_WARN_COMMA = YES;
				CLANG_WARN_CONSTANT_CONVERSION = YES;
				CLANG_WARN_DEPRECATED_OBJC_IMPLEMENTATIONS = YES;
				CLANG_WARN_DIRECT_OBJC_ISA_USAGE = YES_ERROR;
				CLANG_WARN_DOCUMENTATION_COMMENTS = YES;
				CLANG_WARN_EMPTY_BODY = YES;
				CLANG_WARN_ENUM_CONVERSION = YES;
				CLANG_WARN_INFINITE_RECURSION = YES;
				CLANG_WARN_INT_CONVERSION = YES;
				CLANG_WARN_NON_LITERAL_NULL_CONVERSION = YES;
				CLANG_WARN_OBJC_IMPLICIT_RETAIN_SELF = YES;
				CLANG_WARN_OBJC_LITERAL_CONVERSION = YES;
				CLANG_WARN_OBJC_ROOT_CLASS = YES_ERROR;
				CLANG_WARN_QUOTED_INCLUDE_IN_FRAMEWORK_HEADER = YES;
				CLANG_WARN_RANGE_LOOP_ANALYSIS = YES;
				CLANG_WARN_STRICT_PROTOTYPES = YES;
				CLANG_WARN_SUSPICIOUS_MOVE = YES;
				CLANG_WARN_UNGUARDED_AVAILABILITY = YES_AGGRESSIVE;
				CLANG_WARN_UNREACHABLE_CODE = YES;
				CLANG_WARN__DUPLICATE_METHOD_MATCH = YES;
				COPY_PHASE_STRIP = NO;
				DEBUG_INFORMATION_FORMAT = dwarf;
				ENABLE_STRICT_OBJC_MSGSEND = YES;
				ENABLE_TESTABILITY = YES;
				ENABLE_USER_SCRIPT_SANDBOXING = YES;
				GCC_C_LANGUAGE_STANDARD = gnu17;
				GCC_DYNAMIC_NO_PIC = NO;
				GCC_NO_COMMON_BLOCKS = YES;
				GCC_OPTIMIZATION_LEVEL = 0;
				GCC_PREPROCESSOR_DEFINITIONS = (
					"DEBUG=1",
					"$(inherited)",
				);
				GCC_WARN_64_TO_32_BIT_CONVERSION = YES;
				GCC_WARN_ABOUT_RETURN_TYPE = YES_ERROR;
				GCC_WARN_UNDECLARED_SELECTOR = YES;
				GCC_WARN_UNINITIALIZED_AUTOS = YES_AGGRESSIVE;
				GCC_WARN_UNUSED_FUNCTION = YES;
				GCC_WARN_UNUSED_VARIABLE = YES;
				IPHONEOS_DEPLOYMENT_TARGET = 17.5;
				LOCALIZATION_PREFERS_STRING_CATALOGS = YES;
				MTL_ENABLE_DEBUG_INFO = INCLUDE_SOURCE;
				MTL_FAST_MATH = YES;
				ONLY_ACTIVE_ARCH = YES;
				SDKROOT = iphoneos;
				SWIFT_ACTIVE_COMPILATION_CONDITIONS = "DEBUG $(inherited)";
				SWIFT_OPTIMIZATION_LEVEL = "-Onone";
			};
			name = Debug;
		};
		CB4784812CB1146B009D5D85 /* Release */ = {
			isa = XCBuildConfiguration;
			buildSettings = {
				ALWAYS_SEARCH_USER_PATHS = NO;
				ASSETCATALOG_COMPILER_GENERATE_SWIFT_ASSET_SYMBOL_EXTENSIONS = YES;
				CLANG_ANALYZER_NONNULL = YES;
				CLANG_ANALYZER_NUMBER_OBJECT_CONVERSION = YES_AGGRESSIVE;
				CLANG_CXX_LANGUAGE_STANDARD = "gnu++20";
				CLANG_ENABLE_MODULES = YES;
				CLANG_ENABLE_OBJC_ARC = YES;
				CLANG_ENABLE_OBJC_WEAK = YES;
				CLANG_WARN_BLOCK_CAPTURE_AUTORELEASING = YES;
				CLANG_WARN_BOOL_CONVERSION = YES;
				CLANG_WARN_COMMA = YES;
				CLANG_WARN_CONSTANT_CONVERSION = YES;
				CLANG_WARN_DEPRECATED_OBJC_IMPLEMENTATIONS = YES;
				CLANG_WARN_DIRECT_OBJC_ISA_USAGE = YES_ERROR;
				CLANG_WARN_DOCUMENTATION_COMMENTS = YES;
				CLANG_WARN_EMPTY_BODY = YES;
				CLANG_WARN_ENUM_CONVERSION = YES;
				CLANG_WARN_INFINITE_RECURSION = YES;
				CLANG_WARN_INT_CONVERSION = YES;
				CLANG_WARN_NON_LITERAL_NULL_CONVERSION = YES;
				CLANG_WARN_OBJC_IMPLICIT_RETAIN_SELF = YES;
				CLANG_WARN_OBJC_LITERAL_CONVERSION = YES;
				CLANG_WARN_OBJC_ROOT_CLASS = YES_ERROR;
				CLANG_WARN_QUOTED_INCLUDE_IN_FRAMEWORK_HEADER = YES;
				CLANG_WARN_RANGE_LOOP_ANALYSIS = YES;
				CLANG_WARN_STRICT_PROTOTYPES = YES;
				CLANG_WARN_SUSPICIOUS_MOVE = YES;
				CLANG_WARN_UNGUARDED_AVAILABILITY = YES_AGGRESSIVE;
				CLANG_WARN_UNREACHABLE_CODE = YES;
				CLANG_WARN__DUPLICATE_METHOD_MATCH = YES;
				COPY_PHASE_STRIP = NO;
				DEBUG_INFORMATION_FORMAT = "dwarf-with-dsym";
				ENABLE_NS_ASSERTIONS = NO;
				ENABLE_STRICT_OBJC_MSGSEND = YES;
				ENABLE_USER_SCRIPT_SANDBOXING = YES;
				GCC_C_LANGUAGE_STANDARD = gnu17;
				GCC_NO_COMMON_BLOCKS = YES;
				GCC_WARN_64_TO_32_BIT_CONVERSION = YES;
				GCC_WARN_ABOUT_RETURN_TYPE = YES_ERROR;
				GCC_WARN_UNDECLARED_SELECTOR = YES;
				GCC_WARN_UNINITIALIZED_AUTOS = YES_AGGRESSIVE;
				GCC_WARN_UNUSED_FUNCTION = YES;
				GCC_WARN_UNUSED_VARIABLE = YES;
				IPHONEOS_DEPLOYMENT_TARGET = 17.5;
				LOCALIZATION_PREFERS_STRING_CATALOGS = YES;
				MTL_ENABLE_DEBUG_INFO = NO;
				MTL_FAST_MATH = YES;
				SDKROOT = iphoneos;
				SWIFT_COMPILATION_MODE = wholemodule;
				VALIDATE_PRODUCT = YES;
			};
			name = Release;
		};
		CB4784832CB1146B009D5D85 /* Debug */ = {
			isa = XCBuildConfiguration;
			buildSettings = {
				ASSETCATALOG_COMPILER_APPICON_NAME = AppIcon;
				ASSETCATALOG_COMPILER_GLOBAL_ACCENT_COLOR_NAME = AccentColor;
				CODE_SIGN_STYLE = Automatic;
				CURRENT_PROJECT_VERSION = 1;
				DEVELOPMENT_ASSET_PATHS = "\"SwiftUI_LazyImageLoad/Preview Content\"";
				ENABLE_PREVIEWS = YES;
				GENERATE_INFOPLIST_FILE = YES;
				INFOPLIST_KEY_UIApplicationSceneManifest_Generation = YES;
				INFOPLIST_KEY_UIApplicationSupportsIndirectInputEvents = YES;
				INFOPLIST_KEY_UILaunchScreen_Generation = YES;
				INFOPLIST_KEY_UISupportedInterfaceOrientations_iPad = "UIInterfaceOrientationPortrait UIInterfaceOrientationPortraitUpsideDown UIInterfaceOrientationLandscapeLeft UIInterfaceOrientationLandscapeRight";
				INFOPLIST_KEY_UISupportedInterfaceOrientations_iPhone = "UIInterfaceOrientationPortrait UIInterfaceOrientationLandscapeLeft UIInterfaceOrientationLandscapeRight";
				LD_RUNPATH_SEARCH_PATHS = (
					"$(inherited)",
					"@executable_path/Frameworks",
				);
				MARKETING_VERSION = 1.0;
				PRODUCT_BUNDLE_IDENTIFIER = "com.swiftui.practice.SwiftUI-LazyImageLoad";
				PRODUCT_NAME = "$(TARGET_NAME)";
				SWIFT_EMIT_LOC_STRINGS = YES;
				SWIFT_VERSION = 5.0;
				TARGETED_DEVICE_FAMILY = "1,2";
			};
			name = Debug;
		};
		CB4784842CB1146B009D5D85 /* Release */ = {
			isa = XCBuildConfiguration;
			buildSettings = {
				ASSETCATALOG_COMPILER_APPICON_NAME = AppIcon;
				ASSETCATALOG_COMPILER_GLOBAL_ACCENT_COLOR_NAME = AccentColor;
				CODE_SIGN_STYLE = Automatic;
				CURRENT_PROJECT_VERSION = 1;
				DEVELOPMENT_ASSET_PATHS = "\"SwiftUI_LazyImageLoad/Preview Content\"";
				ENABLE_PREVIEWS = YES;
				GENERATE_INFOPLIST_FILE = YES;
				INFOPLIST_KEY_UIApplicationSceneManifest_Generation = YES;
				INFOPLIST_KEY_UIApplicationSupportsIndirectInputEvents = YES;
				INFOPLIST_KEY_UILaunchScreen_Generation = YES;
				INFOPLIST_KEY_UISupportedInterfaceOrientations_iPad = "UIInterfaceOrientationPortrait UIInterfaceOrientationPortraitUpsideDown UIInterfaceOrientationLandscapeLeft UIInterfaceOrientationLandscapeRight";
				INFOPLIST_KEY_UISupportedInterfaceOrientations_iPhone = "UIInterfaceOrientationPortrait UIInterfaceOrientationLandscapeLeft UIInterfaceOrientationLandscapeRight";
				LD_RUNPATH_SEARCH_PATHS = (
					"$(inherited)",
					"@executable_path/Frameworks",
				);
				MARKETING_VERSION = 1.0;
				PRODUCT_BUNDLE_IDENTIFIER = "com.swiftui.practice.SwiftUI-LazyImageLoad";
				PRODUCT_NAME = "$(TARGET_NAME)";
				SWIFT_EMIT_LOC_STRINGS = YES;
				SWIFT_VERSION = 5.0;
				TARGETED_DEVICE_FAMILY = "1,2";
			};
			name = Release;
		};
/* End XCBuildConfiguration section */

/* Begin XCConfigurationList section */
		CB47846F2CB11469009D5D85 /* Build configuration list for PBXProject "SwiftUI_LazyImageLoad" */ = {
			isa = XCConfigurationList;
			buildConfigurations = (
				CB4784802CB1146B009D5D85 /* Debug */,
				CB4784812CB1146B009D5D85 /* Release */,
			);
			defaultConfigurationIsVisible = 0;
			defaultConfigurationName = Release;
		};
		CB4784822CB1146B009D5D85 /* Build configuration list for PBXNativeTarget "SwiftUI_LazyImageLoad" */ = {
			isa = XCConfigurationList;
			buildConfigurations = (
				CB4784832CB1146B009D5D85 /* Debug */,
				CB4784842CB1146B009D5D85 /* Release */,
			);
			defaultConfigurationIsVisible = 0;
			defaultConfigurationName = Release;
		};
/* End XCConfigurationList section */
	};
	rootObject = CB47846C2CB11469009D5D85 /* Project object */;
}
